
Microsoft Visual Studio Solution File, Format Version 12.00
# Visual Studio Version 17
VisualStudioVersion = 17.14.36221.1 d17.14
MinimumVisualStudioVersion = 10.0.40219.1
Project("{FAE04EC0-301F-11D3-BF4B-00C04F79EFBC}") = "Stok Yönetim Kontrol", "Stok Yönetim Kontrol\Stok Yönetim Kontrol.csproj", "{5CC493B0-1388-4B6E-A7B3-483576D954DF}"
EndProject
Global
	GlobalSection(SolutionConfigurationPlatforms) = preSolution
		Debug|Any CPU = Debug|Any CPU
		Release|Any CPU = Release|Any CPU
	EndGlobalSection
	GlobalSection(ProjectConfigurationPlatforms) = postSolution
		{5CC493B0-1388-4B6E-A7B3-483576D954DF}.Debug|Any CPU.ActiveCfg = Debug|Any CPU
		{5CC493B0-1388-4B6E-A7B3-483576D954DF}.Debug|Any CPU.Build.0 = Debug|Any CPU
		{5CC493B0-1388-4B6E-A7B3-483576D954DF}.Release|Any CPU.ActiveCfg = Release|Any CPU
		{5CC493B0-1388-4B6E-A7B3-483576D954DF}.Release|Any CPU.Build.0 = Release|Any CPU
	EndGlobalSection
	GlobalSection(SolutionProperties) = preSolution
		HideSolutionNode = FALSE
	EndGlobalSection
	GlobalSection(ExtensibilityGlobals) = postSolution
		SolutionGuid = {39B0E5F0-0AD6-4D10-AEE4-49E18D9DA076}
	EndGlobalSection
EndGlobal
